
Microsoft Visual Studio Solution File, Format Version 12.00
# Visual Studio Version 16
VisualStudioVersion = 16.0.31105.61
MinimumVisualStudioVersion = 10.0.40219.1
Project("{9A19103F-16F7-4668-BE54-9A1E7A4F7556}") = "TpBanqueV1", "TpBanqueV1.csproj", "{ED2BF29E-6D76-4B2A-BC81-3F81421881D0}"
EndProject
Global
	GlobalSection(SolutionConfigurationPlatforms) = preSolution
		Debug|Any CPU = Debug|Any CPU
		Release|Any CPU = Release|Any CPU
	EndGlobalSection
	GlobalSection(ProjectConfigurationPlatforms) = postSolution
		{ED2BF29E-6D76-4B2A-BC81-3F81421881D0}.Debug|Any CPU.ActiveCfg = Debug|Any CPU
		{ED2BF29E-6D76-4B2A-BC81-3F81421881D0}.Debug|Any CPU.Build.0 = Debug|Any CPU
		{ED2BF29E-6D76-4B2A-BC81-3F81421881D0}.Release|Any CPU.ActiveCfg = Release|Any CPU
		{ED2BF29E-6D76-4B2A-BC81-3F81421881D0}.Release|Any CPU.Build.0 = Release|Any CPU
	EndGlobalSection
	GlobalSection(SolutionProperties) = preSolution
		HideSolutionNode = FALSE
	EndGlobalSection
	GlobalSection(ExtensibilityGlobals) = postSolution
		SolutionGuid = {998A1658-B71D-4977-BE5C-26130363719A}
	EndGlobalSection
EndGlobal
